
Microsoft Visual Studio Solution File, Format Version 12.00
# Visual Studio 15
VisualStudioVersion = 15.0.27428.2037
MinimumVisualStudioVersion = 10.0.40219.1
Project("{FAE04EC0-301F-11D3-BF4B-00C04F79EFBC}") = "ArmorRepair", "ArmorRepair.csproj", "{D15E06AE-C343-4BD5-A173-50C0B48C0917}"
EndProject
Global
	GlobalSection(SolutionConfigurationPlatforms) = preSolution
		Debug|Any CPU = Debug|Any CPU
		Release|Any CPU = Release|Any CPU
	EndGlobalSection
	GlobalSection(ProjectConfigurationPlatforms) = postSolution
		{D15E06AE-C343-4BD5-A173-50C0B48C0917}.Debug|Any CPU.ActiveCfg = Debug|Any CPU
		{D15E06AE-C343-4BD5-A173-50C0B48C0917}.Debug|Any CPU.Build.0 = Debug|Any CPU
		{D15E06AE-C343-4BD5-A173-50C0B48C0917}.Release|Any CPU.ActiveCfg = Release|Any CPU
		{D15E06AE-C343-4BD5-A173-50C0B48C0917}.Release|Any CPU.Build.0 = Release|Any CPU
	EndGlobalSection
	GlobalSection(SolutionProperties) = preSolution
		HideSolutionNode = FALSE
	EndGlobalSection
	GlobalSection(ExtensibilityGlobals) = postSolution
		SolutionGuid = {E6CEE0F1-4528-4964-B873-191502277739}
	EndGlobalSection
EndGlobal
